// !$*UTF8*$!
{
	archiveVersion = 1;
	classes = {
	};
	objectVersion = 46;
	objects = {

/* Begin PBXBuildFile section */
		61E234551B8B4BBB00C87138 /* EvolverConfiguration.cpp in Sources */ = {isa = PBXBuildFile; fileRef = 61E233E91B8B4BBB00C87138 /* EvolverConfiguration.cpp */; };
		61E234561B8B4BBB00C87138 /* Mutator.cpp in Sources */ = {isa = PBXBuildFile; fileRef = 61E233EB1B8B4BBB00C87138 /* Mutator.cpp */; };
		61E234571B8B4BBB00C87138 /* NeuralNetwork.c in Sources */ = {isa = PBXBuildFile; fileRef = 61E233ED1B8B4BBB00C87138 /* NeuralNetwork.c */; };
		61E234581B8B4BBB00C87138 /* NeuralNetworkRepresentation.cpp in Sources */ = {isa = PBXBuildFile; fileRef = 61E233EF1B8B4BBB00C87138 /* NeuralNetworkRepresentation.cpp */; };
		61E234591B8B4BBB00C87138 /* NeuronRepresentation.cpp in Sources */ = {isa = PBXBuildFile; fileRef = 61E233F11B8B4BBB00C87138 /* NeuronRepresentation.cpp */; };
		61E2345A1B8B4BBB00C87138 /* BodyVerifier.cpp in Sources */ = {isa = PBXBuildFile; fileRef = 61E233F41B8B4BBB00C87138 /* BodyVerifier.cpp */; };
		61E2345B1B8B4BBB00C87138 /* ConfigurationReader.cpp in Sources */ = {isa = PBXBuildFile; fileRef = 61E233F61B8B4BBB00C87138 /* ConfigurationReader.cpp */; };
		61E2345C1B8B4BBB00C87138 /* Model.cpp in Sources */ = {isa = PBXBuildFile; fileRef = 61E233F81B8B4BBB00C87138 /* Model.cpp */; };
		61E2345D1B8B4BBB00C87138 /* Robogen.cpp in Sources */ = {isa = PBXBuildFile; fileRef = 61E233FC1B8B4BBB00C87138 /* Robogen.cpp */; };
		61E2345E1B8B4BBB00C87138 /* RobogenCollision.cpp in Sources */ = {isa = PBXBuildFile; fileRef = 61E233FE1B8B4BBB00C87138 /* RobogenCollision.cpp */; };
		61E2345F1B8B4BBB00C87138 /* RobogenUtils.cpp in Sources */ = {isa = PBXBuildFile; fileRef = 61E234011B8B4BBB00C87138 /* RobogenUtils.cpp */; };
		61E234601B8B4BBB00C87138 /* Robot.cpp in Sources */ = {isa = PBXBuildFile; fileRef = 61E234031B8B4BBB00C87138 /* Robot.cpp */; };
		61E234611B8B4BBB00C87138 /* StartPosition.cpp in Sources */ = {isa = PBXBuildFile; fileRef = 61E234051B8B4BBB00C87138 /* StartPosition.cpp */; };
		61E234621B8B4BBB00C87138 /* ActiveCardanModel.cpp in Sources */ = {isa = PBXBuildFile; fileRef = 61E2340A1B8B4BBB00C87138 /* ActiveCardanModel.cpp */; };
		61E234631B8B4BBB00C87138 /* ActiveHingeModel.cpp in Sources */ = {isa = PBXBuildFile; fileRef = 61E2340C1B8B4BBB00C87138 /* ActiveHingeModel.cpp */; };
		61E234641B8B4BBB00C87138 /* ActiveWheelModel.cpp in Sources */ = {isa = PBXBuildFile; fileRef = 61E2340E1B8B4BBB00C87138 /* ActiveWheelModel.cpp */; };
		61E234651B8B4BBB00C87138 /* ActiveWhegModel.cpp in Sources */ = {isa = PBXBuildFile; fileRef = 61E234101B8B4BBB00C87138 /* ActiveWhegModel.cpp */; };
		61E234661B8B4BBB00C87138 /* BoxObstacle.cpp in Sources */ = {isa = PBXBuildFile; fileRef = 61E234131B8B4BBB00C87138 /* BoxObstacle.cpp */; };
		61E234671B8B4BBB00C87138 /* CardanModel.cpp in Sources */ = {isa = PBXBuildFile; fileRef = 61E234151B8B4BBB00C87138 /* CardanModel.cpp */; };
		61E234681B8B4BBB00C87138 /* Connection.cpp in Sources */ = {isa = PBXBuildFile; fileRef = 61E234171B8B4BBB00C87138 /* Connection.cpp */; };
		61E234691B8B4BBB00C87138 /* CoreComponentModel.cpp in Sources */ = {isa = PBXBuildFile; fileRef = 61E234191B8B4BBB00C87138 /* CoreComponentModel.cpp */; };
		61E2346A1B8B4BBB00C87138 /* HingeModel.cpp in Sources */ = {isa = PBXBuildFile; fileRef = 61E2341C1B8B4BBB00C87138 /* HingeModel.cpp */; };
		61E2346B1B8B4BBB00C87138 /* ImuSensor.cpp in Sources */ = {isa = PBXBuildFile; fileRef = 61E2341E1B8B4BBB00C87138 /* ImuSensor.cpp */; };
		61E2346C1B8B4BBB00C87138 /* LightSensor.cpp in Sources */ = {isa = PBXBuildFile; fileRef = 61E234201B8B4BBB00C87138 /* LightSensor.cpp */; };
		61E2346D1B8B4BBB00C87138 /* LightSensorModel.cpp in Sources */ = {isa = PBXBuildFile; fileRef = 61E234221B8B4BBB00C87138 /* LightSensorModel.cpp */; };
		61E2346E1B8B4BBB00C87138 /* LightSource.cpp in Sources */ = {isa = PBXBuildFile; fileRef = 61E234241B8B4BBB00C87138 /* LightSource.cpp */; };
		61E2346F1B8B4BBB00C87138 /* Motor.cpp in Sources */ = {isa = PBXBuildFile; fileRef = 61E234261B8B4BBB00C87138 /* Motor.cpp */; };
		61E234701B8B4BBB00C87138 /* ParametricBrickModel.cpp in Sources */ = {isa = PBXBuildFile; fileRef = 61E234281B8B4BBB00C87138 /* ParametricBrickModel.cpp */; };
		61E234711B8B4BBB00C87138 /* PassiveWheelModel.cpp in Sources */ = {isa = PBXBuildFile; fileRef = 61E2342A1B8B4BBB00C87138 /* PassiveWheelModel.cpp */; };
		61E234721B8B4BBB00C87138 /* RotateJointModel.cpp in Sources */ = {isa = PBXBuildFile; fileRef = 61E2342E1B8B4BBB00C87138 /* RotateJointModel.cpp */; };
		61E234731B8B4BBB00C87138 /* ServoMotor.cpp in Sources */ = {isa = PBXBuildFile; fileRef = 61E234321B8B4BBB00C87138 /* ServoMotor.cpp */; };
		61E234741B8B4BBB00C87138 /* TouchSensor.cpp in Sources */ = {isa = PBXBuildFile; fileRef = 61E234351B8B4BBB00C87138 /* TouchSensor.cpp */; };
		61E234751B8B4BBB00C87138 /* TouchSensorModel.cpp in Sources */ = {isa = PBXBuildFile; fileRef = 61E234371B8B4BBB00C87138 /* TouchSensorModel.cpp */; };
		61E234761B8B4BBB00C87138 /* Parameters.cpp in Sources */ = {isa = PBXBuildFile; fileRef = 61E234391B8B4BBB00C87138 /* Parameters.cpp */; };
		61E234771B8B4BBB00C87138 /* PartList.cpp in Sources */ = {isa = PBXBuildFile; fileRef = 61E2343B1B8B4BBB00C87138 /* PartList.cpp */; };
		61E234781B8B4BBB00C87138 /* PartRepresentation.cpp in Sources */ = {isa = PBXBuildFile; fileRef = 61E2343D1B8B4BBB00C87138 /* PartRepresentation.cpp */; };
		61E234791B8B4BBB00C87138 /* RobotRepresentation.cpp in Sources */ = {isa = PBXBuildFile; fileRef = 61E234401B8B4BBB00C87138 /* RobotRepresentation.cpp */; };
		61E2347A1B8B4BBB00C87138 /* json2pb.cpp in Sources */ = {isa = PBXBuildFile; fileRef = 61E234431B8B4BBB00C87138 /* json2pb.cpp */; };
		61E2347B1B8B4BBB00C87138 /* robogen.pb.cc in Sources */ = {isa = PBXBuildFile; fileRef = 61E234451B8B4BBB00C87138 /* robogen.pb.cc */; };
		61E2347C1B8B4BBB00C87138 /* main.cpp in Sources */ = {isa = PBXBuildFile; fileRef = 61E234471B8B4BBB00C87138 /* main.cpp */; };
		61E2347D1B8B4BBB00C87138 /* UDPTransceiver.cpp in Sources */ = {isa = PBXBuildFile; fileRef = 61E234521B8B4BBB00C87138 /* UDPTransceiver.cpp */; };
		61E2347F1B8B4C9900C87138 /* libboost_system.dylib in Frameworks */ = {isa = PBXBuildFile; fileRef = 61E2347E1B8B4C9900C87138 /* libboost_system.dylib */; };
		61E234811B8B4CA700C87138 /* libboost_filesystem.dylib in Frameworks */ = {isa = PBXBuildFile; fileRef = 61E234801B8B4CA700C87138 /* libboost_filesystem.dylib */; };
		61E234831B8B4CBF00C87138 /* libboost_regex.dylib in Frameworks */ = {isa = PBXBuildFile; fileRef = 61E234821B8B4CBF00C87138 /* libboost_regex.dylib */; };
		61E234851B8B4CCE00C87138 /* libboost_program_options.dylib in Frameworks */ = {isa = PBXBuildFile; fileRef = 61E234841B8B4CCE00C87138 /* libboost_program_options.dylib */; };
		61E234871B8B4CDF00C87138 /* libosg.dylib in Frameworks */ = {isa = PBXBuildFile; fileRef = 61E234861B8B4CDF00C87138 /* libosg.dylib */; };
		61E234891B8B4CED00C87138 /* libode.a in Frameworks */ = {isa = PBXBuildFile; fileRef = 61E234881B8B4CED00C87138 /* libode.a */; };
		61E2348B1B8B4CF800C87138 /* libprotobuf.dylib in Frameworks */ = {isa = PBXBuildFile; fileRef = 61E2348A1B8B4CF800C87138 /* libprotobuf.dylib */; };
		61E2348D1B8B4D1000C87138 /* libjansson.dylib in Frameworks */ = {isa = PBXBuildFile; fileRef = 61E2348C1B8B4D1000C87138 /* libjansson.dylib */; };
/* End PBXBuildFile section */

/* Begin PBXCopyFilesBuildPhase section */
		6174AAC41AD568D900224D5C /* CopyFiles */ = {
			isa = PBXCopyFilesBuildPhase;
			buildActionMask = 2147483647;
			dstPath = /usr/share/man/man1/;
			dstSubfolderSpec = 0;
			files = (
			);
			runOnlyForDeploymentPostprocessing = 1;
		};
/* End PBXCopyFilesBuildPhase section */

/* Begin PBXFileReference section */
		6174AAC61AD568D900224D5C /* RobotCrossover */ = {isa = PBXFileReference; explicitFileType = "compiled.mach-o.executable"; includeInIndex = 0; path = RobotCrossover; sourceTree = BUILT_PRODUCTS_DIR; };
		61E233E91B8B4BBB00C87138 /* EvolverConfiguration.cpp */ = {isa = PBXFileReference; fileEncoding = 4; lastKnownFileType = sourcecode.cpp.cpp; path = EvolverConfiguration.cpp; sourceTree = "<group>"; };
		61E233EA1B8B4BBB00C87138 /* EvolverConfiguration.h */ = {isa = PBXFileReference; fileEncoding = 4; lastKnownFileType = sourcecode.c.h; path = EvolverConfiguration.h; sourceTree = "<group>"; };
		61E233EB1B8B4BBB00C87138 /* Mutator.cpp */ = {isa = PBXFileReference; fileEncoding = 4; lastKnownFileType = sourcecode.cpp.cpp; path = Mutator.cpp; sourceTree = "<group>"; };
		61E233EC1B8B4BBB00C87138 /* Mutator.h */ = {isa = PBXFileReference; fileEncoding = 4; lastKnownFileType = sourcecode.c.h; path = Mutator.h; sourceTree = "<group>"; };
		61E233ED1B8B4BBB00C87138 /* NeuralNetwork.c */ = {isa = PBXFileReference; fileEncoding = 4; lastKnownFileType = sourcecode.c.c; path = NeuralNetwork.c; sourceTree = "<group>"; };
		61E233EE1B8B4BBB00C87138 /* NeuralNetwork.h */ = {isa = PBXFileReference; fileEncoding = 4; lastKnownFileType = sourcecode.c.h; path = NeuralNetwork.h; sourceTree = "<group>"; };
		61E233EF1B8B4BBB00C87138 /* NeuralNetworkRepresentation.cpp */ = {isa = PBXFileReference; fileEncoding = 4; lastKnownFileType = sourcecode.cpp.cpp; path = NeuralNetworkRepresentation.cpp; sourceTree = "<group>"; };
		61E233F01B8B4BBB00C87138 /* NeuralNetworkRepresentation.h */ = {isa = PBXFileReference; fileEncoding = 4; lastKnownFileType = sourcecode.c.h; path = NeuralNetworkRepresentation.h; sourceTree = "<group>"; };
		61E233F11B8B4BBB00C87138 /* NeuronRepresentation.cpp */ = {isa = PBXFileReference; fileEncoding = 4; lastKnownFileType = sourcecode.cpp.cpp; path = NeuronRepresentation.cpp; sourceTree = "<group>"; };
		61E233F21B8B4BBB00C87138 /* NeuronRepresentation.h */ = {isa = PBXFileReference; fileEncoding = 4; lastKnownFileType = sourcecode.c.h; path = NeuronRepresentation.h; sourceTree = "<group>"; };
		61E233F41B8B4BBB00C87138 /* BodyVerifier.cpp */ = {isa = PBXFileReference; fileEncoding = 4; lastKnownFileType = sourcecode.cpp.cpp; path = BodyVerifier.cpp; sourceTree = "<group>"; };
		61E233F51B8B4BBB00C87138 /* BodyVerifier.h */ = {isa = PBXFileReference; fileEncoding = 4; lastKnownFileType = sourcecode.c.h; path = BodyVerifier.h; sourceTree = "<group>"; };
		61E233F61B8B4BBB00C87138 /* ConfigurationReader.cpp */ = {isa = PBXFileReference; fileEncoding = 4; lastKnownFileType = sourcecode.cpp.cpp; path = ConfigurationReader.cpp; sourceTree = "<group>"; };
		61E233F71B8B4BBB00C87138 /* ConfigurationReader.h */ = {isa = PBXFileReference; fileEncoding = 4; lastKnownFileType = sourcecode.c.h; path = ConfigurationReader.h; sourceTree = "<group>"; };
		61E233F81B8B4BBB00C87138 /* Model.cpp */ = {isa = PBXFileReference; fileEncoding = 4; lastKnownFileType = sourcecode.cpp.cpp; path = Model.cpp; sourceTree = "<group>"; };
		61E233F91B8B4BBB00C87138 /* Model.h */ = {isa = PBXFileReference; fileEncoding = 4; lastKnownFileType = sourcecode.c.h; path = Model.h; sourceTree = "<group>"; };
		61E233FA1B8B4BBB00C87138 /* Models.h */ = {isa = PBXFileReference; fileEncoding = 4; lastKnownFileType = sourcecode.c.h; path = Models.h; sourceTree = "<group>"; };
		61E233FB1B8B4BBB00C87138 /* ObstaclesConfig.h */ = {isa = PBXFileReference; fileEncoding = 4; lastKnownFileType = sourcecode.c.h; path = ObstaclesConfig.h; sourceTree = "<group>"; };
		61E233FC1B8B4BBB00C87138 /* Robogen.cpp */ = {isa = PBXFileReference; fileEncoding = 4; lastKnownFileType = sourcecode.cpp.cpp; path = Robogen.cpp; sourceTree = "<group>"; };
		61E233FD1B8B4BBB00C87138 /* Robogen.h */ = {isa = PBXFileReference; fileEncoding = 4; lastKnownFileType = sourcecode.c.h; path = Robogen.h; sourceTree = "<group>"; };
		61E233FE1B8B4BBB00C87138 /* RobogenCollision.cpp */ = {isa = PBXFileReference; fileEncoding = 4; lastKnownFileType = sourcecode.cpp.cpp; path = RobogenCollision.cpp; sourceTree = "<group>"; };
		61E233FF1B8B4BBB00C87138 /* RobogenCollision.h */ = {isa = PBXFileReference; fileEncoding = 4; lastKnownFileType = sourcecode.c.h; path = RobogenCollision.h; sourceTree = "<group>"; };
		61E234001B8B4BBB00C87138 /* RobogenConfig.h */ = {isa = PBXFileReference; fileEncoding = 4; lastKnownFileType = sourcecode.c.h; path = RobogenConfig.h; sourceTree = "<group>"; };
		61E234011B8B4BBB00C87138 /* RobogenUtils.cpp */ = {isa = PBXFileReference; fileEncoding = 4; lastKnownFileType = sourcecode.cpp.cpp; path = RobogenUtils.cpp; sourceTree = "<group>"; };
		61E234021B8B4BBB00C87138 /* RobogenUtils.h */ = {isa = PBXFileReference; fileEncoding = 4; lastKnownFileType = sourcecode.c.h; path = RobogenUtils.h; sourceTree = "<group>"; };
		61E234031B8B4BBB00C87138 /* Robot.cpp */ = {isa = PBXFileReference; fileEncoding = 4; lastKnownFileType = sourcecode.cpp.cpp; path = Robot.cpp; sourceTree = "<group>"; };
		61E234041B8B4BBB00C87138 /* Robot.h */ = {isa = PBXFileReference; fileEncoding = 4; lastKnownFileType = sourcecode.c.h; path = Robot.h; sourceTree = "<group>"; };
		61E234051B8B4BBB00C87138 /* StartPosition.cpp */ = {isa = PBXFileReference; fileEncoding = 4; lastKnownFileType = sourcecode.cpp.cpp; path = StartPosition.cpp; sourceTree = "<group>"; };
		61E234061B8B4BBB00C87138 /* StartPosition.h */ = {isa = PBXFileReference; fileEncoding = 4; lastKnownFileType = sourcecode.c.h; path = StartPosition.h; sourceTree = "<group>"; };
		61E234071B8B4BBB00C87138 /* StartPositionConfig.h */ = {isa = PBXFileReference; fileEncoding = 4; lastKnownFileType = sourcecode.c.h; path = StartPositionConfig.h; sourceTree = "<group>"; };
		61E234081B8B4BBB00C87138 /* TerrainConfig.h */ = {isa = PBXFileReference; fileEncoding = 4; lastKnownFileType = sourcecode.c.h; path = TerrainConfig.h; sourceTree = "<group>"; };
		61E2340A1B8B4BBB00C87138 /* ActiveCardanModel.cpp */ = {isa = PBXFileReference; fileEncoding = 4; lastKnownFileType = sourcecode.cpp.cpp; path = ActiveCardanModel.cpp; sourceTree = "<group>"; };
		61E2340B1B8B4BBB00C87138 /* ActiveCardanModel.h */ = {isa = PBXFileReference; fileEncoding = 4; lastKnownFileType = sourcecode.c.h; path = ActiveCardanModel.h; sourceTree = "<group>"; };
		61E2340C1B8B4BBB00C87138 /* ActiveHingeModel.cpp */ = {isa = PBXFileReference; fileEncoding = 4; lastKnownFileType = sourcecode.cpp.cpp; path = ActiveHingeModel.cpp; sourceTree = "<group>"; };
		61E2340D1B8B4BBB00C87138 /* ActiveHingeModel.h */ = {isa = PBXFileReference; fileEncoding = 4; lastKnownFileType = sourcecode.c.h; path = ActiveHingeModel.h; sourceTree = "<group>"; };
		61E2340E1B8B4BBB00C87138 /* ActiveWheelModel.cpp */ = {isa = PBXFileReference; fileEncoding = 4; lastKnownFileType = sourcecode.cpp.cpp; path = ActiveWheelModel.cpp; sourceTree = "<group>"; };
		61E2340F1B8B4BBB00C87138 /* ActiveWheelModel.h */ = {isa = PBXFileReference; fileEncoding = 4; lastKnownFileType = sourcecode.c.h; path = ActiveWheelModel.h; sourceTree = "<group>"; };
		61E234101B8B4BBB00C87138 /* ActiveWhegModel.cpp */ = {isa = PBXFileReference; fileEncoding = 4; lastKnownFileType = sourcecode.cpp.cpp; path = ActiveWhegModel.cpp; sourceTree = "<group>"; };
		61E234111B8B4BBB00C87138 /* ActiveWhegModel.h */ = {isa = PBXFileReference; fileEncoding = 4; lastKnownFileType = sourcecode.c.h; path = ActiveWhegModel.h; sourceTree = "<group>"; };
		61E234121B8B4BBB00C87138 /* ActuatedComponent.h */ = {isa = PBXFileReference; fileEncoding = 4; lastKnownFileType = sourcecode.c.h; path = ActuatedComponent.h; sourceTree = "<group>"; };
		61E234131B8B4BBB00C87138 /* BoxObstacle.cpp */ = {isa = PBXFileReference; fileEncoding = 4; lastKnownFileType = sourcecode.cpp.cpp; path = BoxObstacle.cpp; sourceTree = "<group>"; };
		61E234141B8B4BBB00C87138 /* BoxObstacle.h */ = {isa = PBXFileReference; fileEncoding = 4; lastKnownFileType = sourcecode.c.h; path = BoxObstacle.h; sourceTree = "<group>"; };
		61E234151B8B4BBB00C87138 /* CardanModel.cpp */ = {isa = PBXFileReference; fileEncoding = 4; lastKnownFileType = sourcecode.cpp.cpp; path = CardanModel.cpp; sourceTree = "<group>"; };
		61E234161B8B4BBB00C87138 /* CardanModel.h */ = {isa = PBXFileReference; fileEncoding = 4; lastKnownFileType = sourcecode.c.h; path = CardanModel.h; sourceTree = "<group>"; };
		61E234171B8B4BBB00C87138 /* Connection.cpp */ = {isa = PBXFileReference; fileEncoding = 4; lastKnownFileType = sourcecode.cpp.cpp; path = Connection.cpp; sourceTree = "<group>"; };
		61E234181B8B4BBB00C87138 /* Connection.h */ = {isa = PBXFileReference; fileEncoding = 4; lastKnownFileType = sourcecode.c.h; path = Connection.h; sourceTree = "<group>"; };
		61E234191B8B4BBB00C87138 /* CoreComponentModel.cpp */ = {isa = PBXFileReference; fileEncoding = 4; lastKnownFileType = sourcecode.cpp.cpp; path = CoreComponentModel.cpp; sourceTree = "<group>"; };
		61E2341A1B8B4BBB00C87138 /* CoreComponentModel.h */ = {isa = PBXFileReference; fileEncoding = 4; lastKnownFileType = sourcecode.c.h; path = CoreComponentModel.h; sourceTree = "<group>"; };
		61E2341B1B8B4BBB00C87138 /* Environment.h */ = {isa = PBXFileReference; fileEncoding = 4; lastKnownFileType = sourcecode.c.h; path = Environment.h; sourceTree = "<group>"; };
		61E2341C1B8B4BBB00C87138 /* HingeModel.cpp */ = {isa = PBXFileReference; fileEncoding = 4; lastKnownFileType = sourcecode.cpp.cpp; path = HingeModel.cpp; sourceTree = "<group>"; };
		61E2341D1B8B4BBB00C87138 /* HingeModel.h */ = {isa = PBXFileReference; fileEncoding = 4; lastKnownFileType = sourcecode.c.h; path = HingeModel.h; sourceTree = "<group>"; };
		61E2341E1B8B4BBB00C87138 /* ImuSensor.cpp */ = {isa = PBXFileReference; fileEncoding = 4; lastKnownFileType = sourcecode.cpp.cpp; path = ImuSensor.cpp; sourceTree = "<group>"; };
		61E2341F1B8B4BBB00C87138 /* ImuSensor.h */ = {isa = PBXFileReference; fileEncoding = 4; lastKnownFileType = sourcecode.c.h; path = ImuSensor.h; sourceTree = "<group>"; };
		61E234201B8B4BBB00C87138 /* LightSensor.cpp */ = {isa = PBXFileReference; fileEncoding = 4; lastKnownFileType = sourcecode.cpp.cpp; path = LightSensor.cpp; sourceTree = "<group>"; };
		61E234211B8B4BBB00C87138 /* LightSensor.h */ = {isa = PBXFileReference; fileEncoding = 4; lastKnownFileType = sourcecode.c.h; path = LightSensor.h; sourceTree = "<group>"; };
		61E234221B8B4BBB00C87138 /* LightSensorModel.cpp */ = {isa = PBXFileReference; fileEncoding = 4; lastKnownFileType = sourcecode.cpp.cpp; path = LightSensorModel.cpp; sourceTree = "<group>"; };
		61E234231B8B4BBB00C87138 /* LightSensorModel.h */ = {isa = PBXFileReference; fileEncoding = 4; lastKnownFileType = sourcecode.c.h; path = LightSensorModel.h; sourceTree = "<group>"; };
		61E234241B8B4BBB00C87138 /* LightSource.cpp */ = {isa = PBXFileReference; fileEncoding = 4; lastKnownFileType = sourcecode.cpp.cpp; path = LightSource.cpp; sourceTree = "<group>"; };
		61E234251B8B4BBB00C87138 /* LightSource.h */ = {isa = PBXFileReference; fileEncoding = 4; lastKnownFileType = sourcecode.c.h; path = LightSource.h; sourceTree = "<group>"; };
		61E234261B8B4BBB00C87138 /* Motor.cpp */ = {isa = PBXFileReference; fileEncoding = 4; lastKnownFileType = sourcecode.cpp.cpp; path = Motor.cpp; sourceTree = "<group>"; };
		61E234271B8B4BBB00C87138 /* Motor.h */ = {isa = PBXFileReference; fileEncoding = 4; lastKnownFileType = sourcecode.c.h; path = Motor.h; sourceTree = "<group>"; };
		61E234281B8B4BBB00C87138 /* ParametricBrickModel.cpp */ = {isa = PBXFileReference; fileEncoding = 4; lastKnownFileType = sourcecode.cpp.cpp; path = ParametricBrickModel.cpp; sourceTree = "<group>"; };
		61E234291B8B4BBB00C87138 /* ParametricBrickModel.h */ = {isa = PBXFileReference; fileEncoding = 4; lastKnownFileType = sourcecode.c.h; path = ParametricBrickModel.h; sourceTree = "<group>"; };
		61E2342A1B8B4BBB00C87138 /* PassiveWheelModel.cpp */ = {isa = PBXFileReference; fileEncoding = 4; lastKnownFileType = sourcecode.cpp.cpp; path = PassiveWheelModel.cpp; sourceTree = "<group>"; };
		61E2342B1B8B4BBB00C87138 /* PassiveWheelModel.h */ = {isa = PBXFileReference; fileEncoding = 4; lastKnownFileType = sourcecode.c.h; path = PassiveWheelModel.h; sourceTree = "<group>"; };
		61E2342C1B8B4BBB00C87138 /* PerceptiveComponent.h */ = {isa = PBXFileReference; fileEncoding = 4; lastKnownFileType = sourcecode.c.h; path = PerceptiveComponent.h; sourceTree = "<group>"; };
		61E2342D1B8B4BBB00C87138 /* PositionObservable.h */ = {isa = PBXFileReference; fileEncoding = 4; lastKnownFileType = sourcecode.c.h; path = PositionObservable.h; sourceTree = "<group>"; };
		61E2342E1B8B4BBB00C87138 /* RotateJointModel.cpp */ = {isa = PBXFileReference; fileEncoding = 4; lastKnownFileType = sourcecode.cpp.cpp; path = RotateJointModel.cpp; sourceTree = "<group>"; };
		61E2342F1B8B4BBB00C87138 /* RotateJointModel.h */ = {isa = PBXFileReference; fileEncoding = 4; lastKnownFileType = sourcecode.c.h; path = RotateJointModel.h; sourceTree = "<group>"; };
		61E234301B8B4BBB00C87138 /* Sensor.h */ = {isa = PBXFileReference; fileEncoding = 4; lastKnownFileType = sourcecode.c.h; path = Sensor.h; sourceTree = "<group>"; };
		61E234311B8B4BBB00C87138 /* SensorGroup.h */ = {isa = PBXFileReference; fileEncoding = 4; lastKnownFileType = sourcecode.c.h; path = SensorGroup.h; sourceTree = "<group>"; };
		61E234321B8B4BBB00C87138 /* ServoMotor.cpp */ = {isa = PBXFileReference; fileEncoding = 4; lastKnownFileType = sourcecode.cpp.cpp; path = ServoMotor.cpp; sourceTree = "<group>"; };
		61E234331B8B4BBB00C87138 /* ServoMotor.h */ = {isa = PBXFileReference; fileEncoding = 4; lastKnownFileType = sourcecode.c.h; path = ServoMotor.h; sourceTree = "<group>"; };
		61E234341B8B4BBB00C87138 /* SimpleSensor.h */ = {isa = PBXFileReference; fileEncoding = 4; lastKnownFileType = sourcecode.c.h; path = SimpleSensor.h; sourceTree = "<group>"; };
		61E234351B8B4BBB00C87138 /* TouchSensor.cpp */ = {isa = PBXFileReference; fileEncoding = 4; lastKnownFileType = sourcecode.cpp.cpp; path = TouchSensor.cpp; sourceTree = "<group>"; };
		61E234361B8B4BBB00C87138 /* TouchSensor.h */ = {isa = PBXFileReference; fileEncoding = 4; lastKnownFileType = sourcecode.c.h; path = TouchSensor.h; sourceTree = "<group>"; };
		61E234371B8B4BBB00C87138 /* TouchSensorModel.cpp */ = {isa = PBXFileReference; fileEncoding = 4; lastKnownFileType = sourcecode.cpp.cpp; path = TouchSensorModel.cpp; sourceTree = "<group>"; };
		61E234381B8B4BBB00C87138 /* TouchSensorModel.h */ = {isa = PBXFileReference; fileEncoding = 4; lastKnownFileType = sourcecode.c.h; path = TouchSensorModel.h; sourceTree = "<group>"; };
		61E234391B8B4BBB00C87138 /* Parameters.cpp */ = {isa = PBXFileReference; fileEncoding = 4; lastKnownFileType = sourcecode.cpp.cpp; path = Parameters.cpp; sourceTree = "<group>"; };
		61E2343A1B8B4BBB00C87138 /* Parameters.h */ = {isa = PBXFileReference; fileEncoding = 4; lastKnownFileType = sourcecode.c.h; path = Parameters.h; sourceTree = "<group>"; };
		61E2343B1B8B4BBB00C87138 /* PartList.cpp */ = {isa = PBXFileReference; fileEncoding = 4; lastKnownFileType = sourcecode.cpp.cpp; path = PartList.cpp; sourceTree = "<group>"; };
		61E2343C1B8B4BBB00C87138 /* PartList.h */ = {isa = PBXFileReference; fileEncoding = 4; lastKnownFileType = sourcecode.c.h; path = PartList.h; sourceTree = "<group>"; };
		61E2343D1B8B4BBB00C87138 /* PartRepresentation.cpp */ = {isa = PBXFileReference; fileEncoding = 4; lastKnownFileType = sourcecode.cpp.cpp; path = PartRepresentation.cpp; sourceTree = "<group>"; };
		61E2343E1B8B4BBB00C87138 /* PartRepresentation.h */ = {isa = PBXFileReference; fileEncoding = 4; lastKnownFileType = sourcecode.c.h; path = PartRepresentation.h; sourceTree = "<group>"; };
		61E2343F1B8B4BBB00C87138 /* ProtobufPacket.h */ = {isa = PBXFileReference; fileEncoding = 4; lastKnownFileType = sourcecode.c.h; path = ProtobufPacket.h; sourceTree = "<group>"; };
		61E234401B8B4BBB00C87138 /* RobotRepresentation.cpp */ = {isa = PBXFileReference; fileEncoding = 4; lastKnownFileType = sourcecode.cpp.cpp; path = RobotRepresentation.cpp; sourceTree = "<group>"; };
		61E234411B8B4BBB00C87138 /* RobotRepresentation.h */ = {isa = PBXFileReference; fileEncoding = 4; lastKnownFileType = sourcecode.c.h; path = RobotRepresentation.h; sourceTree = "<group>"; };
		61E234421B8B4BBB00C87138 /* bin2ascii.h */ = {isa = PBXFileReference; fileEncoding = 4; lastKnownFileType = sourcecode.c.h; path = bin2ascii.h; sourceTree = "<group>"; };
		61E234431B8B4BBB00C87138 /* json2pb.cpp */ = {isa = PBXFileReference; fileEncoding = 4; lastKnownFileType = sourcecode.cpp.cpp; path = json2pb.cpp; sourceTree = "<group>"; };
		61E234441B8B4BBB00C87138 /* json2pb.h */ = {isa = PBXFileReference; fileEncoding = 4; lastKnownFileType = sourcecode.c.h; path = json2pb.h; sourceTree = "<group>"; };
		61E234451B8B4BBB00C87138 /* robogen.pb.cc */ = {isa = PBXFileReference; fileEncoding = 4; lastKnownFileType = sourcecode.cpp.cpp; path = robogen.pb.cc; sourceTree = "<group>"; };
		61E234461B8B4BBB00C87138 /* robogen.pb.h */ = {isa = PBXFileReference; fileEncoding = 4; lastKnownFileType = sourcecode.c.h; path = robogen.pb.h; sourceTree = "<group>"; };
		61E234471B8B4BBB00C87138 /* main.cpp */ = {isa = PBXFileReference; fileEncoding = 4; lastKnownFileType = sourcecode.cpp.cpp; name = main.cpp; path = RobotCrossover/main.cpp; sourceTree = SOURCE_ROOT; };
		61E234491B8B4BBB00C87138 /* car.txt */ = {isa = PBXFileReference; fileEncoding = 4; lastKnownFileType = text; path = car.txt; sourceTree = "<group>"; };
		61E2344A1B8B4BBB00C87138 /* child2.txt */ = {isa = PBXFileReference; fileEncoding = 4; lastKnownFileType = text; path = child2.txt; sourceTree = "<group>"; };
		61E2344B1B8B4BBB00C87138 /* evolConf-full.txt */ = {isa = PBXFileReference; fileEncoding = 4; lastKnownFileType = text; path = "evolConf-full.txt"; sourceTree = "<group>"; };
		61E2344C1B8B4BBB00C87138 /* i7alt.txt */ = {isa = PBXFileReference; fileEncoding = 4; lastKnownFileType = text; path = i7alt.txt; sourceTree = "<group>"; };
		61E2344D1B8B4BBB00C87138 /* spider9alt.txt */ = {isa = PBXFileReference; fileEncoding = 4; lastKnownFileType = text; path = spider9alt.txt; sourceTree = "<group>"; };
		61E2344E1B8B4BBB00C87138 /* spiderwithbrain.txt */ = {isa = PBXFileReference; fileEncoding = 4; lastKnownFileType = text; path = spiderwithbrain.txt; sourceTree = "<group>"; };
		61E2344F1B8B4BBB00C87138 /* test.json */ = {isa = PBXFileReference; fileEncoding = 4; lastKnownFileType = text.json; path = test.json; sourceTree = "<group>"; };
		61E234511B8B4BBB00C87138 /* GenomeTransceiver.h */ = {isa = PBXFileReference; fileEncoding = 4; lastKnownFileType = sourcecode.c.h; path = GenomeTransceiver.h; sourceTree = "<group>"; };
		61E234521B8B4BBB00C87138 /* UDPTransceiver.cpp */ = {isa = PBXFileReference; fileEncoding = 4; lastKnownFileType = sourcecode.cpp.cpp; path = UDPTransceiver.cpp; sourceTree = "<group>"; };
		61E234531B8B4BBB00C87138 /* UDPTransceiver.h */ = {isa = PBXFileReference; fileEncoding = 4; lastKnownFileType = sourcecode.c.h; path = UDPTransceiver.h; sourceTree = "<group>"; };
		61E2347E1B8B4C9900C87138 /* libboost_system.dylib */ = {isa = PBXFileReference; lastKnownFileType = "compiled.mach-o.dylib"; name = libboost_system.dylib; path = ../../../../../../../../usr/local/lib/libboost_system.dylib; sourceTree = "<group>"; };
		61E234801B8B4CA700C87138 /* libboost_filesystem.dylib */ = {isa = PBXFileReference; lastKnownFileType = "compiled.mach-o.dylib"; name = libboost_filesystem.dylib; path = ../../../../../../../../usr/local/lib/libboost_filesystem.dylib; sourceTree = "<group>"; };
		61E234821B8B4CBF00C87138 /* libboost_regex.dylib */ = {isa = PBXFileReference; lastKnownFileType = "compiled.mach-o.dylib"; name = libboost_regex.dylib; path = ../../../../../../../../usr/local/lib/libboost_regex.dylib; sourceTree = "<group>"; };
		61E234841B8B4CCE00C87138 /* libboost_program_options.dylib */ = {isa = PBXFileReference; lastKnownFileType = "compiled.mach-o.dylib"; name = libboost_program_options.dylib; path = ../../../../../../../../usr/local/lib/libboost_program_options.dylib; sourceTree = "<group>"; };
		61E234861B8B4CDF00C87138 /* libosg.dylib */ = {isa = PBXFileReference; lastKnownFileType = "compiled.mach-o.dylib"; name = libosg.dylib; path = ../../../../../../../../usr/local/lib/libosg.dylib; sourceTree = "<group>"; };
		61E234881B8B4CED00C87138 /* libode.a */ = {isa = PBXFileReference; lastKnownFileType = archive.ar; name = libode.a; path = ../../../../../../../../usr/local/lib/libode.a; sourceTree = "<group>"; };
		61E2348A1B8B4CF800C87138 /* libprotobuf.dylib */ = {isa = PBXFileReference; lastKnownFileType = "compiled.mach-o.dylib"; name = libprotobuf.dylib; path = ../../../../../../../../usr/local/lib/libprotobuf.dylib; sourceTree = "<group>"; };
		61E2348C1B8B4D1000C87138 /* libjansson.dylib */ = {isa = PBXFileReference; lastKnownFileType = "compiled.mach-o.dylib"; name = libjansson.dylib; path = ../../../../../../../../usr/local/lib/libjansson.dylib; sourceTree = "<group>"; };
/* End PBXFileReference section */

/* Begin PBXFrameworksBuildPhase section */
		6174AAC31AD568D900224D5C /* Frameworks */ = {
			isa = PBXFrameworksBuildPhase;
			buildActionMask = 2147483647;
			files = (
				61E234831B8B4CBF00C87138 /* libboost_regex.dylib in Frameworks */,
				61E234851B8B4CCE00C87138 /* libboost_program_options.dylib in Frameworks */,
				61E2348D1B8B4D1000C87138 /* libjansson.dylib in Frameworks */,
				61E234871B8B4CDF00C87138 /* libosg.dylib in Frameworks */,
				61E234891B8B4CED00C87138 /* libode.a in Frameworks */,
				61E2347F1B8B4C9900C87138 /* libboost_system.dylib in Frameworks */,
				61E2348B1B8B4CF800C87138 /* libprotobuf.dylib in Frameworks */,
				61E234811B8B4CA700C87138 /* libboost_filesystem.dylib in Frameworks */,
			);
			runOnlyForDeploymentPostprocessing = 0;
		};
/* End PBXFrameworksBuildPhase section */

/* Begin PBXGroup section */
		6174AABD1AD568D900224D5C = {
			isa = PBXGroup;
			children = (
				61E2348C1B8B4D1000C87138 /* libjansson.dylib */,
				61E234881B8B4CED00C87138 /* libode.a */,
				61E234861B8B4CDF00C87138 /* libosg.dylib */,
				61E2347E1B8B4C9900C87138 /* libboost_system.dylib */,
				61E234801B8B4CA700C87138 /* libboost_filesystem.dylib */,
				61E2348A1B8B4CF800C87138 /* libprotobuf.dylib */,
				61E234821B8B4CBF00C87138 /* libboost_regex.dylib */,
				61E234841B8B4CCE00C87138 /* libboost_program_options.dylib */,
				6174AAC81AD568D900224D5C /* RobotCrossover */,
				6174AAC71AD568D900224D5C /* Products */,
			);
			sourceTree = "<group>";
		};
		6174AAC71AD568D900224D5C /* Products */ = {
			isa = PBXGroup;
			children = (
				6174AAC61AD568D900224D5C /* RobotCrossover */,
			);
			name = Products;
			sourceTree = "<group>";
		};
		6174AAC81AD568D900224D5C /* RobotCrossover */ = {
			isa = PBXGroup;
			children = (
				61E233E71B8B4BBB00C87138 /* Genome */,
				61E234471B8B4BBB00C87138 /* main.cpp */,
				61E234481B8B4BBB00C87138 /* Test */,
				61E234501B8B4BBB00C87138 /* Transceivers */,
			);
			name = RobotCrossover;
			path = RobotController;
			sourceTree = "<group>";
		};
		61E233E71B8B4BBB00C87138 /* Genome */ = {
			isa = PBXGroup;
			children = (
				61E233E91B8B4BBB00C87138 /* EvolverConfiguration.cpp */,
				61E233EA1B8B4BBB00C87138 /* EvolverConfiguration.h */,
				61E233EB1B8B4BBB00C87138 /* Mutator.cpp */,
				61E233EC1B8B4BBB00C87138 /* Mutator.h */,
				61E233ED1B8B4BBB00C87138 /* NeuralNetwork.c */,
				61E233EE1B8B4BBB00C87138 /* NeuralNetwork.h */,
				61E233EF1B8B4BBB00C87138 /* NeuralNetworkRepresentation.cpp */,
				61E233F01B8B4BBB00C87138 /* NeuralNetworkRepresentation.h */,
				61E233F11B8B4BBB00C87138 /* NeuronRepresentation.cpp */,
				61E233F21B8B4BBB00C87138 /* NeuronRepresentation.h */,
				61E233F31B8B4BBB00C87138 /* ODE_Check */,
				61E234391B8B4BBB00C87138 /* Parameters.cpp */,
				61E2343A1B8B4BBB00C87138 /* Parameters.h */,
				61E2343B1B8B4BBB00C87138 /* PartList.cpp */,
				61E2343C1B8B4BBB00C87138 /* PartList.h */,
				61E2343D1B8B4BBB00C87138 /* PartRepresentation.cpp */,
				61E2343E1B8B4BBB00C87138 /* PartRepresentation.h */,
				61E2343F1B8B4BBB00C87138 /* ProtobufPacket.h */,
				61E234401B8B4BBB00C87138 /* RobotRepresentation.cpp */,
				61E234411B8B4BBB00C87138 /* RobotRepresentation.h */,
				61E234421B8B4BBB00C87138 /* bin2ascii.h */,
				61E234431B8B4BBB00C87138 /* json2pb.cpp */,
				61E234441B8B4BBB00C87138 /* json2pb.h */,
				61E234451B8B4BBB00C87138 /* robogen.pb.cc */,
				61E234461B8B4BBB00C87138 /* robogen.pb.h */,
			);
			name = Genome;
			path = RobotCrossover/Genome;
			sourceTree = SOURCE_ROOT;
		};
		61E233F31B8B4BBB00C87138 /* ODE_Check */ = {
			isa = PBXGroup;
			children = (
				61E233F41B8B4BBB00C87138 /* BodyVerifier.cpp */,
				61E233F51B8B4BBB00C87138 /* BodyVerifier.h */,
				61E233F61B8B4BBB00C87138 /* ConfigurationReader.cpp */,
				61E233F71B8B4BBB00C87138 /* ConfigurationReader.h */,
				61E233F81B8B4BBB00C87138 /* Model.cpp */,
				61E233F91B8B4BBB00C87138 /* Model.h */,
				61E233FA1B8B4BBB00C87138 /* Models.h */,
				61E233FB1B8B4BBB00C87138 /* ObstaclesConfig.h */,
				61E233FC1B8B4BBB00C87138 /* Robogen.cpp */,
				61E233FD1B8B4BBB00C87138 /* Robogen.h */,
				61E233FE1B8B4BBB00C87138 /* RobogenCollision.cpp */,
				61E233FF1B8B4BBB00C87138 /* RobogenCollision.h */,
				61E234001B8B4BBB00C87138 /* RobogenConfig.h */,
				61E234011B8B4BBB00C87138 /* RobogenUtils.cpp */,
				61E234021B8B4BBB00C87138 /* RobogenUtils.h */,
				61E234031B8B4BBB00C87138 /* Robot.cpp */,
				61E234041B8B4BBB00C87138 /* Robot.h */,
				61E234051B8B4BBB00C87138 /* StartPosition.cpp */,
				61E234061B8B4BBB00C87138 /* StartPosition.h */,
				61E234071B8B4BBB00C87138 /* StartPositionConfig.h */,
				61E234081B8B4BBB00C87138 /* TerrainConfig.h */,
				61E234091B8B4BBB00C87138 /* models */,
			);
			path = ODE_Check;
			sourceTree = "<group>";
		};
		61E234091B8B4BBB00C87138 /* models */ = {
			isa = PBXGroup;
			children = (
				61E2340A1B8B4BBB00C87138 /* ActiveCardanModel.cpp */,
				61E2340B1B8B4BBB00C87138 /* ActiveCardanModel.h */,
				61E2340C1B8B4BBB00C87138 /* ActiveHingeModel.cpp */,
				61E2340D1B8B4BBB00C87138 /* ActiveHingeModel.h */,
				61E2340E1B8B4BBB00C87138 /* ActiveWheelModel.cpp */,
				61E2340F1B8B4BBB00C87138 /* ActiveWheelModel.h */,
				61E234101B8B4BBB00C87138 /* ActiveWhegModel.cpp */,
				61E234111B8B4BBB00C87138 /* ActiveWhegModel.h */,
				61E234121B8B4BBB00C87138 /* ActuatedComponent.h */,
				61E234131B8B4BBB00C87138 /* BoxObstacle.cpp */,
				61E234141B8B4BBB00C87138 /* BoxObstacle.h */,
				61E234151B8B4BBB00C87138 /* CardanModel.cpp */,
				61E234161B8B4BBB00C87138 /* CardanModel.h */,
				61E234171B8B4BBB00C87138 /* Connection.cpp */,
				61E234181B8B4BBB00C87138 /* Connection.h */,
				61E234191B8B4BBB00C87138 /* CoreComponentModel.cpp */,
				61E2341A1B8B4BBB00C87138 /* CoreComponentModel.h */,
				61E2341B1B8B4BBB00C87138 /* Environment.h */,
				61E2341C1B8B4BBB00C87138 /* HingeModel.cpp */,
				61E2341D1B8B4BBB00C87138 /* HingeModel.h */,
				61E2341E1B8B4BBB00C87138 /* ImuSensor.cpp */,
				61E2341F1B8B4BBB00C87138 /* ImuSensor.h */,
				61E234201B8B4BBB00C87138 /* LightSensor.cpp */,
				61E234211B8B4BBB00C87138 /* LightSensor.h */,
				61E234221B8B4BBB00C87138 /* LightSensorModel.cpp */,
				61E234231B8B4BBB00C87138 /* LightSensorModel.h */,
				61E234241B8B4BBB00C87138 /* LightSource.cpp */,
				61E234251B8B4BBB00C87138 /* LightSource.h */,
				61E234261B8B4BBB00C87138 /* Motor.cpp */,
				61E234271B8B4BBB00C87138 /* Motor.h */,
				61E234281B8B4BBB00C87138 /* ParametricBrickModel.cpp */,
				61E234291B8B4BBB00C87138 /* ParametricBrickModel.h */,
				61E2342A1B8B4BBB00C87138 /* PassiveWheelModel.cpp */,
				61E2342B1B8B4BBB00C87138 /* PassiveWheelModel.h */,
				61E2342C1B8B4BBB00C87138 /* PerceptiveComponent.h */,
				61E2342D1B8B4BBB00C87138 /* PositionObservable.h */,
				61E2342E1B8B4BBB00C87138 /* RotateJointModel.cpp */,
				61E2342F1B8B4BBB00C87138 /* RotateJointModel.h */,
				61E234301B8B4BBB00C87138 /* Sensor.h */,
				61E234311B8B4BBB00C87138 /* SensorGroup.h */,
				61E234321B8B4BBB00C87138 /* ServoMotor.cpp */,
				61E234331B8B4BBB00C87138 /* ServoMotor.h */,
				61E234341B8B4BBB00C87138 /* SimpleSensor.h */,
				61E234351B8B4BBB00C87138 /* TouchSensor.cpp */,
				61E234361B8B4BBB00C87138 /* TouchSensor.h */,
				61E234371B8B4BBB00C87138 /* TouchSensorModel.cpp */,
				61E234381B8B4BBB00C87138 /* TouchSensorModel.h */,
			);
			path = models;
			sourceTree = "<group>";
		};
		61E234481B8B4BBB00C87138 /* Test */ = {
			isa = PBXGroup;
			children = (
				61E234491B8B4BBB00C87138 /* car.txt */,
				61E2344A1B8B4BBB00C87138 /* child2.txt */,
				61E2344B1B8B4BBB00C87138 /* evolConf-full.txt */,
				61E2344C1B8B4BBB00C87138 /* i7alt.txt */,
				61E2344D1B8B4BBB00C87138 /* spider9alt.txt */,
				61E2344E1B8B4BBB00C87138 /* spiderwithbrain.txt */,
				61E2344F1B8B4BBB00C87138 /* test.json */,
			);
			name = Test;
			path = RobotCrossover/Test;
			sourceTree = SOURCE_ROOT;
		};
		61E234501B8B4BBB00C87138 /* Transceivers */ = {
			isa = PBXGroup;
			children = (
				61E234511B8B4BBB00C87138 /* GenomeTransceiver.h */,
				61E234521B8B4BBB00C87138 /* UDPTransceiver.cpp */,
				61E234531B8B4BBB00C87138 /* UDPTransceiver.h */,
			);
			name = Transceivers;
			path = RobotCrossover/Transceivers;
			sourceTree = SOURCE_ROOT;
		};
/* End PBXGroup section */

/* Begin PBXNativeTarget section */
		6174AAC51AD568D900224D5C /* RobotCrossover */ = {
			isa = PBXNativeTarget;
			buildConfigurationList = 6174AACD1AD568D900224D5C /* Build configuration list for PBXNativeTarget "RobotCrossover" */;
			buildPhases = (
				6174AAC21AD568D900224D5C /* Sources */,
				6174AAC31AD568D900224D5C /* Frameworks */,
				6174AAC41AD568D900224D5C /* CopyFiles */,
			);
			buildRules = (
			);
			dependencies = (
			);
			name = RobotCrossover;
			productName = RobotController;
			productReference = 6174AAC61AD568D900224D5C /* RobotCrossover */;
			productType = "com.apple.product-type.tool";
		};
/* End PBXNativeTarget section */

/* Begin PBXProject section */
		6174AABE1AD568D900224D5C /* Project object */ = {
			isa = PBXProject;
			attributes = {
				LastUpgradeCheck = 0640;
				ORGANIZATIONNAME = "Berend Weel";
				TargetAttributes = {
					6174AAC51AD568D900224D5C = {
						CreatedOnToolsVersion = 6.2;
					};
				};
			};
			buildConfigurationList = 6174AAC11AD568D900224D5C /* Build configuration list for PBXProject "RobotCrossover" */;
			compatibilityVersion = "Xcode 3.2";
			developmentRegion = English;
			hasScannedForEncodings = 0;
			knownRegions = (
				en,
			);
			mainGroup = 6174AABD1AD568D900224D5C;
			productRefGroup = 6174AAC71AD568D900224D5C /* Products */;
			projectDirPath = "";
			projectRoot = "";
			targets = (
				6174AAC51AD568D900224D5C /* RobotCrossover */,
			);
		};
/* End PBXProject section */

/* Begin PBXSourcesBuildPhase section */
		6174AAC21AD568D900224D5C /* Sources */ = {
			isa = PBXSourcesBuildPhase;
			buildActionMask = 2147483647;
			files = (
				61E234681B8B4BBB00C87138 /* Connection.cpp in Sources */,
				61E2347C1B8B4BBB00C87138 /* main.cpp in Sources */,
				61E234571B8B4BBB00C87138 /* NeuralNetwork.c in Sources */,
				61E234581B8B4BBB00C87138 /* NeuralNetworkRepresentation.cpp in Sources */,
				61E2345F1B8B4BBB00C87138 /* RobogenUtils.cpp in Sources */,
				61E234701B8B4BBB00C87138 /* ParametricBrickModel.cpp in Sources */,
				61E234561B8B4BBB00C87138 /* Mutator.cpp in Sources */,
				61E234761B8B4BBB00C87138 /* Parameters.cpp in Sources */,
				61E2345A1B8B4BBB00C87138 /* BodyVerifier.cpp in Sources */,
				61E234751B8B4BBB00C87138 /* TouchSensorModel.cpp in Sources */,
				61E234611B8B4BBB00C87138 /* StartPosition.cpp in Sources */,
				61E2346C1B8B4BBB00C87138 /* LightSensor.cpp in Sources */,
				61E234601B8B4BBB00C87138 /* Robot.cpp in Sources */,
				61E234771B8B4BBB00C87138 /* PartList.cpp in Sources */,
				61E2346A1B8B4BBB00C87138 /* HingeModel.cpp in Sources */,
				61E234721B8B4BBB00C87138 /* RotateJointModel.cpp in Sources */,
				61E2346F1B8B4BBB00C87138 /* Motor.cpp in Sources */,
				61E234661B8B4BBB00C87138 /* BoxObstacle.cpp in Sources */,
				61E234781B8B4BBB00C87138 /* PartRepresentation.cpp in Sources */,
				61E234711B8B4BBB00C87138 /* PassiveWheelModel.cpp in Sources */,
				61E234631B8B4BBB00C87138 /* ActiveHingeModel.cpp in Sources */,
				61E234731B8B4BBB00C87138 /* ServoMotor.cpp in Sources */,
				61E2346B1B8B4BBB00C87138 /* ImuSensor.cpp in Sources */,
				61E234651B8B4BBB00C87138 /* ActiveWhegModel.cpp in Sources */,
				61E234791B8B4BBB00C87138 /* RobotRepresentation.cpp in Sources */,
				61E234741B8B4BBB00C87138 /* TouchSensor.cpp in Sources */,
				61E234671B8B4BBB00C87138 /* CardanModel.cpp in Sources */,
				61E234551B8B4BBB00C87138 /* EvolverConfiguration.cpp in Sources */,
				61E234591B8B4BBB00C87138 /* NeuronRepresentation.cpp in Sources */,
				61E2345D1B8B4BBB00C87138 /* Robogen.cpp in Sources */,
				61E2345B1B8B4BBB00C87138 /* ConfigurationReader.cpp in Sources */,
				61E234691B8B4BBB00C87138 /* CoreComponentModel.cpp in Sources */,
				61E2347B1B8B4BBB00C87138 /* robogen.pb.cc in Sources */,
				61E2347D1B8B4BBB00C87138 /* UDPTransceiver.cpp in Sources */,
				61E234641B8B4BBB00C87138 /* ActiveWheelModel.cpp in Sources */,
				61E2346E1B8B4BBB00C87138 /* LightSource.cpp in Sources */,
				61E2345C1B8B4BBB00C87138 /* Model.cpp in Sources */,
				61E234621B8B4BBB00C87138 /* ActiveCardanModel.cpp in Sources */,
				61E2345E1B8B4BBB00C87138 /* RobogenCollision.cpp in Sources */,
				61E2346D1B8B4BBB00C87138 /* LightSensorModel.cpp in Sources */,
				61E2347A1B8B4BBB00C87138 /* json2pb.cpp in Sources */,
			);
			runOnlyForDeploymentPostprocessing = 0;
		};
/* End PBXSourcesBuildPhase section */

/* Begin XCBuildConfiguration section */
		6174AACB1AD568D900224D5C /* Debug */ = {
			isa = XCBuildConfiguration;
			buildSettings = {
				ALWAYS_SEARCH_USER_PATHS = NO;
				CLANG_CXX_LANGUAGE_STANDARD = "gnu++0x";
				CLANG_CXX_LIBRARY = "libc++";
				CLANG_ENABLE_MODULES = YES;
				CLANG_ENABLE_OBJC_ARC = YES;
				CLANG_WARN_BOOL_CONVERSION = YES;
				CLANG_WARN_CONSTANT_CONVERSION = YES;
				CLANG_WARN_DIRECT_OBJC_ISA_USAGE = YES_ERROR;
				CLANG_WARN_EMPTY_BODY = YES;
				CLANG_WARN_ENUM_CONVERSION = YES;
				CLANG_WARN_INT_CONVERSION = YES;
				CLANG_WARN_OBJC_ROOT_CLASS = YES_ERROR;
				CLANG_WARN_UNREACHABLE_CODE = YES;
				CLANG_WARN__DUPLICATE_METHOD_MATCH = YES;
				COPY_PHASE_STRIP = NO;
				ENABLE_STRICT_OBJC_MSGSEND = YES;
				GCC_C_LANGUAGE_STANDARD = gnu99;
				GCC_DYNAMIC_NO_PIC = NO;
				GCC_OPTIMIZATION_LEVEL = 0;
				GCC_PREPROCESSOR_DEFINITIONS = (
					"GLIBCXX_DEBUG=1",
					"GLIBCXXDEBUGPEDANTIC=1",
				);
				GCC_SYMBOLS_PRIVATE_EXTERN = NO;
				GCC_WARN_64_TO_32_BIT_CONVERSION = YES;
				GCC_WARN_ABOUT_RETURN_TYPE = YES_ERROR;
				GCC_WARN_UNDECLARED_SELECTOR = YES;
				GCC_WARN_UNINITIALIZED_AUTOS = YES_AGGRESSIVE;
				GCC_WARN_UNUSED_FUNCTION = YES;
				GCC_WARN_UNUSED_VARIABLE = YES;
				MACOSX_DEPLOYMENT_TARGET = 10.9;
				MTL_ENABLE_DEBUG_INFO = YES;
				ONLY_ACTIVE_ARCH = YES;
				SDKROOT = macosx;
			};
			name = Debug;
		};
		6174AACC1AD568D900224D5C /* Release */ = {
			isa = XCBuildConfiguration;
			buildSettings = {
				ALWAYS_SEARCH_USER_PATHS = NO;
				CLANG_CXX_LANGUAGE_STANDARD = "gnu++0x";
				CLANG_CXX_LIBRARY = "libc++";
				CLANG_ENABLE_MODULES = YES;
				CLANG_ENABLE_OBJC_ARC = YES;
				CLANG_WARN_BOOL_CONVERSION = YES;
				CLANG_WARN_CONSTANT_CONVERSION = YES;
				CLANG_WARN_DIRECT_OBJC_ISA_USAGE = YES_ERROR;
				CLANG_WARN_EMPTY_BODY = YES;
				CLANG_WARN_ENUM_CONVERSION = YES;
				CLANG_WARN_INT_CONVERSION = YES;
				CLANG_WARN_OBJC_ROOT_CLASS = YES_ERROR;
				CLANG_WARN_UNREACHABLE_CODE = YES;
				CLANG_WARN__DUPLICATE_METHOD_MATCH = YES;
				COPY_PHASE_STRIP = NO;
				DEBUG_INFORMATION_FORMAT = "dwarf-with-dsym";
				ENABLE_NS_ASSERTIONS = NO;
				ENABLE_STRICT_OBJC_MSGSEND = YES;
				GCC_C_LANGUAGE_STANDARD = gnu99;
				GCC_PREPROCESSOR_DEFINITIONS = (
					"GLIBCXX_DEBUG=1",
					"GLIBCXXDEBUGPEDANTIC=1",
				);
				GCC_WARN_64_TO_32_BIT_CONVERSION = YES;
				GCC_WARN_ABOUT_RETURN_TYPE = YES_ERROR;
				GCC_WARN_UNDECLARED_SELECTOR = YES;
				GCC_WARN_UNINITIALIZED_AUTOS = YES_AGGRESSIVE;
				GCC_WARN_UNUSED_FUNCTION = YES;
				GCC_WARN_UNUSED_VARIABLE = YES;
				MACOSX_DEPLOYMENT_TARGET = 10.9;
				MTL_ENABLE_DEBUG_INFO = NO;
				SDKROOT = macosx;
			};
			name = Release;
		};
		6174AACE1AD568D900224D5C /* Debug */ = {
			isa = XCBuildConfiguration;
			buildSettings = {
				HEADER_SEARCH_PATHS = (
					"$(inherited)",
					/Applications/Xcode.app/Contents/Developer/Toolchains/XcodeDefault.xctoolchain/usr/include,
					/usr/local/include,
				);
				LIBRARY_SEARCH_PATHS = (
					/usr/local/lib,
					/usr/local/include,
					/usr/local/Cellar/jansson/2.7/lib,
				);
				OTHER_CFLAGS = "";
				OTHER_CPLUSPLUSFLAGS = "";
				PRODUCT_NAME = RobotCrossover;
			};
			name = Debug;
		};
		6174AACF1AD568D900224D5C /* Release */ = {
			isa = XCBuildConfiguration;
			buildSettings = {
				HEADER_SEARCH_PATHS = (
					"$(inherited)",
					/Applications/Xcode.app/Contents/Developer/Toolchains/XcodeDefault.xctoolchain/usr/include,
					/usr/local/include,
				);
				LIBRARY_SEARCH_PATHS = (
					/usr/local/lib,
					/usr/local/include,
					/usr/local/Cellar/jansson/2.7/lib,
				);
				OTHER_CFLAGS = "";
				OTHER_CPLUSPLUSFLAGS = "";
				PRODUCT_NAME = RobotCrossover;
			};
			name = Release;
		};
/* End XCBuildConfiguration section */

/* Begin XCConfigurationList section */
		6174AAC11AD568D900224D5C /* Build configuration list for PBXProject "RobotCrossover" */ = {
			isa = XCConfigurationList;
			buildConfigurations = (
				6174AACB1AD568D900224D5C /* Debug */,
				6174AACC1AD568D900224D5C /* Release */,
			);
			defaultConfigurationIsVisible = 0;
			defaultConfigurationName = Release;
		};
		6174AACD1AD568D900224D5C /* Build configuration list for PBXNativeTarget "RobotCrossover" */ = {
			isa = XCConfigurationList;
			buildConfigurations = (
				6174AACE1AD568D900224D5C /* Debug */,
				6174AACF1AD568D900224D5C /* Release */,
			);
			defaultConfigurationIsVisible = 0;
			defaultConfigurationName = Release;
		};
/* End XCConfigurationList section */
	};
	rootObject = 6174AABE1AD568D900224D5C /* Project object */;
}
